
Microsoft Visual Studio Solution File, Format Version 12.00
# Visual Studio Version 16
VisualStudioVersion = 16.0.32802.440
MinimumVisualStudioVersion = 10.0.40219.1
Project("{FAE04EC0-301F-11D3-BF4B-00C04F79EFBC}") = "DZ", "DZ\DZ.csproj", "{B234E433-3580-4D2A-888D-2E0F974F483C}"
EndProject
Global
	GlobalSection(SolutionConfigurationPlatforms) = preSolution
		Debug|Any CPU = Debug|Any CPU
		Release|Any CPU = Release|Any CPU
	EndGlobalSection
	GlobalSection(ProjectConfigurationPlatforms) = postSolution
		{B234E433-3580-4D2A-888D-2E0F974F483C}.Debug|Any CPU.ActiveCfg = Debug|Any CPU
		{B234E433-3580-4D2A-888D-2E0F974F483C}.Debug|Any CPU.Build.0 = Debug|Any CPU
		{B234E433-3580-4D2A-888D-2E0F974F483C}.Release|Any CPU.ActiveCfg = Release|Any CPU
		{B234E433-3580-4D2A-888D-2E0F974F483C}.Release|Any CPU.Build.0 = Release|Any CPU
	EndGlobalSection
	GlobalSection(SolutionProperties) = preSolution
		HideSolutionNode = FALSE
	EndGlobalSection
	GlobalSection(ExtensibilityGlobals) = postSolution
		SolutionGuid = {46C93344-CB9B-4F33-9CC3-4902DE65B414}
	EndGlobalSection
EndGlobal
