
Microsoft Visual Studio Solution File, Format Version 12.00
# Visual Studio Version 16
VisualStudioVersion = 16.0.32802.440
MinimumVisualStudioVersion = 10.0.40219.1
Project("{FAE04EC0-301F-11D3-BF4B-00C04F79EFBC}") = "DZ2", "DZ2\DZ2.csproj", "{25209B5D-E7F7-4DBC-AB99-93058FDCF29C}"
EndProject
Global
	GlobalSection(SolutionConfigurationPlatforms) = preSolution
		Debug|Any CPU = Debug|Any CPU
		Release|Any CPU = Release|Any CPU
	EndGlobalSection
	GlobalSection(ProjectConfigurationPlatforms) = postSolution
		{25209B5D-E7F7-4DBC-AB99-93058FDCF29C}.Debug|Any CPU.ActiveCfg = Debug|Any CPU
		{25209B5D-E7F7-4DBC-AB99-93058FDCF29C}.Debug|Any CPU.Build.0 = Debug|Any CPU
		{25209B5D-E7F7-4DBC-AB99-93058FDCF29C}.Release|Any CPU.ActiveCfg = Release|Any CPU
		{25209B5D-E7F7-4DBC-AB99-93058FDCF29C}.Release|Any CPU.Build.0 = Release|Any CPU
	EndGlobalSection
	GlobalSection(SolutionProperties) = preSolution
		HideSolutionNode = FALSE
	EndGlobalSection
	GlobalSection(ExtensibilityGlobals) = postSolution
		SolutionGuid = {2E754C4A-A79A-4862-88B6-45DC4884B7D5}
	EndGlobalSection
EndGlobal
